// !$*UTF8*$!
{
	archiveVersion = 1;
	classes = {
	};
	objectVersion = 56;
	objects = {

/* Begin PBXBuildFile section */
		322E93B1299AB2460005EBA6 /* CatProtocolsApp.swift in Sources */ = {isa = PBXBuildFile; fileRef = 322E93B0299AB2460005EBA6 /* CatProtocolsApp.swift */; };
		322E93B3299AB2460005EBA6 /* CatFactView.swift in Sources */ = {isa = PBXBuildFile; fileRef = 322E93B2299AB2460005EBA6 /* CatFactView.swift */; };
		322E93B5299AB2470005EBA6 /* Assets.xcassets in Resources */ = {isa = PBXBuildFile; fileRef = 322E93B4299AB2470005EBA6 /* Assets.xcassets */; };
		322E93B8299AB2470005EBA6 /* Preview Assets.xcassets in Resources */ = {isa = PBXBuildFile; fileRef = 322E93B7299AB2470005EBA6 /* Preview Assets.xcassets */; };
		322E93C2299AB2470005EBA6 /* CatFactViewModelTests.swift in Sources */ = {isa = PBXBuildFile; fileRef = 322E93C1299AB2470005EBA6 /* CatFactViewModelTests.swift */; };
		322E93DB299AB2770005EBA6 /* CatFactViewModel.swift in Sources */ = {isa = PBXBuildFile; fileRef = 322E93DA299AB2760005EBA6 /* CatFactViewModel.swift */; };
		322E93DD299AB2900005EBA6 /* ViewState.swift in Sources */ = {isa = PBXBuildFile; fileRef = 322E93DC299AB2900005EBA6 /* ViewState.swift */; };
		322E93DF299AB2C10005EBA6 /* CatFact.swift in Sources */ = {isa = PBXBuildFile; fileRef = 322E93DE299AB2C10005EBA6 /* CatFact.swift */; };
		322E93E1299AB2F30005EBA6 /* CatService.swift in Sources */ = {isa = PBXBuildFile; fileRef = 322E93E0299AB2F30005EBA6 /* CatService.swift */; };
		322E93E4299AB3990005EBA6 /* CoreNetworking in Frameworks */ = {isa = PBXBuildFile; productRef = 322E93E3299AB3990005EBA6 /* CoreNetworking */; };
		322E93E6299AB7560005EBA6 /* TestHelpers.swift in Sources */ = {isa = PBXBuildFile; fileRef = 322E93E5299AB7560005EBA6 /* TestHelpers.swift */; };
/* End PBXBuildFile section */

/* Begin PBXContainerItemProxy section */
		322E93BE299AB2470005EBA6 /* PBXContainerItemProxy */ = {
			isa = PBXContainerItemProxy;
			containerPortal = 322E93A5299AB2460005EBA6 /* Project object */;
			proxyType = 1;
			remoteGlobalIDString = 322E93AC299AB2460005EBA6;
			remoteInfo = CatProtocols;
		};
/* End PBXContainerItemProxy section */

/* Begin PBXFileReference section */
		322E93AD299AB2460005EBA6 /* CatProtocols.app */ = {isa = PBXFileReference; explicitFileType = wrapper.application; includeInIndex = 0; path = CatProtocols.app; sourceTree = BUILT_PRODUCTS_DIR; };
		322E93B0299AB2460005EBA6 /* CatProtocolsApp.swift */ = {isa = PBXFileReference; lastKnownFileType = sourcecode.swift; path = CatProtocolsApp.swift; sourceTree = "<group>"; };
		322E93B2299AB2460005EBA6 /* CatFactView.swift */ = {isa = PBXFileReference; lastKnownFileType = sourcecode.swift; path = CatFactView.swift; sourceTree = "<group>"; };
		322E93B4299AB2470005EBA6 /* Assets.xcassets */ = {isa = PBXFileReference; lastKnownFileType = folder.assetcatalog; path = Assets.xcassets; sourceTree = "<group>"; };
		322E93B7299AB2470005EBA6 /* Preview Assets.xcassets */ = {isa = PBXFileReference; lastKnownFileType = folder.assetcatalog; path = "Preview Assets.xcassets"; sourceTree = "<group>"; };
		322E93BD299AB2470005EBA6 /* CatProtocolsTests.xctest */ = {isa = PBXFileReference; explicitFileType = wrapper.cfbundle; includeInIndex = 0; path = CatProtocolsTests.xctest; sourceTree = BUILT_PRODUCTS_DIR; };
		322E93C1299AB2470005EBA6 /* CatFactViewModelTests.swift */ = {isa = PBXFileReference; lastKnownFileType = sourcecode.swift; path = CatFactViewModelTests.swift; sourceTree = "<group>"; };
		322E93DA299AB2760005EBA6 /* CatFactViewModel.swift */ = {isa = PBXFileReference; lastKnownFileType = sourcecode.swift; path = CatFactViewModel.swift; sourceTree = "<group>"; };
		322E93DC299AB2900005EBA6 /* ViewState.swift */ = {isa = PBXFileReference; lastKnownFileType = sourcecode.swift; path = ViewState.swift; sourceTree = "<group>"; };
		322E93DE299AB2C10005EBA6 /* CatFact.swift */ = {isa = PBXFileReference; lastKnownFileType = sourcecode.swift; path = CatFact.swift; sourceTree = "<group>"; };
		322E93E0299AB2F30005EBA6 /* CatService.swift */ = {isa = PBXFileReference; lastKnownFileType = sourcecode.swift; path = CatService.swift; sourceTree = "<group>"; };
		322E93E5299AB7560005EBA6 /* TestHelpers.swift */ = {isa = PBXFileReference; lastKnownFileType = sourcecode.swift; path = TestHelpers.swift; sourceTree = "<group>"; };
/* End PBXFileReference section */

/* Begin PBXFrameworksBuildPhase section */
		322E93AA299AB2460005EBA6 /* Frameworks */ = {
			isa = PBXFrameworksBuildPhase;
			buildActionMask = 2147483647;
			files = (
				322E93E4299AB3990005EBA6 /* CoreNetworking in Frameworks */,
			);
			runOnlyForDeploymentPostprocessing = 0;
		};
		322E93BA299AB2470005EBA6 /* Frameworks */ = {
			isa = PBXFrameworksBuildPhase;
			buildActionMask = 2147483647;
			files = (
			);
			runOnlyForDeploymentPostprocessing = 0;
		};
/* End PBXFrameworksBuildPhase section */

/* Begin PBXGroup section */
		322E93A4299AB2460005EBA6 = {
			isa = PBXGroup;
			children = (
				322E93AF299AB2460005EBA6 /* CatProtocols */,
				322E93C0299AB2470005EBA6 /* CatProtocolsTests */,
				322E93AE299AB2460005EBA6 /* Products */,
			);
			sourceTree = "<group>";
		};
		322E93AE299AB2460005EBA6 /* Products */ = {
			isa = PBXGroup;
			children = (
				322E93AD299AB2460005EBA6 /* CatProtocols.app */,
				322E93BD299AB2470005EBA6 /* CatProtocolsTests.xctest */,
			);
			name = Products;
			sourceTree = "<group>";
		};
		322E93AF299AB2460005EBA6 /* CatProtocols */ = {
			isa = PBXGroup;
			children = (
				322E93B0299AB2460005EBA6 /* CatProtocolsApp.swift */,
				322E93B2299AB2460005EBA6 /* CatFactView.swift */,
				322E93DA299AB2760005EBA6 /* CatFactViewModel.swift */,
				322E93B4299AB2470005EBA6 /* Assets.xcassets */,
				322E93B6299AB2470005EBA6 /* Preview Content */,
				322E93DC299AB2900005EBA6 /* ViewState.swift */,
				322E93DE299AB2C10005EBA6 /* CatFact.swift */,
				322E93E0299AB2F30005EBA6 /* CatService.swift */,
			);
			path = CatProtocols;
			sourceTree = "<group>";
		};
		322E93B6299AB2470005EBA6 /* Preview Content */ = {
			isa = PBXGroup;
			children = (
				322E93B7299AB2470005EBA6 /* Preview Assets.xcassets */,
			);
			path = "Preview Content";
			sourceTree = "<group>";
		};
		322E93C0299AB2470005EBA6 /* CatProtocolsTests */ = {
			isa = PBXGroup;
			children = (
				322E93C1299AB2470005EBA6 /* CatFactViewModelTests.swift */,
				322E93E5299AB7560005EBA6 /* TestHelpers.swift */,
			);
			path = CatProtocolsTests;
			sourceTree = "<group>";
		};
/* End PBXGroup section */

/* Begin PBXNativeTarget section */
		322E93AC299AB2460005EBA6 /* CatProtocols */ = {
			isa = PBXNativeTarget;
			buildConfigurationList = 322E93D1299AB2470005EBA6 /* Build configuration list for PBXNativeTarget "CatProtocols" */;
			buildPhases = (
				322E93A9299AB2460005EBA6 /* Sources */,
				322E93AA299AB2460005EBA6 /* Frameworks */,
				322E93AB299AB2460005EBA6 /* Resources */,
			);
			buildRules = (
			);
			dependencies = (
			);
			name = CatProtocols;
			packageProductDependencies = (
				322E93E3299AB3990005EBA6 /* CoreNetworking */,
			);
			productName = CatProtocols;
			productReference = 322E93AD299AB2460005EBA6 /* CatProtocols.app */;
			productType = "com.apple.product-type.application";
		};
		322E93BC299AB2470005EBA6 /* CatProtocolsTests */ = {
			isa = PBXNativeTarget;
			buildConfigurationList = 322E93D4299AB2470005EBA6 /* Build configuration list for PBXNativeTarget "CatProtocolsTests" */;
			buildPhases = (
				322E93B9299AB2470005EBA6 /* Sources */,
				322E93BA299AB2470005EBA6 /* Frameworks */,
				322E93BB299AB2470005EBA6 /* Resources */,
			);
			buildRules = (
			);
			dependencies = (
				322E93BF299AB2470005EBA6 /* PBXTargetDependency */,
			);
			name = CatProtocolsTests;
			productName = CatProtocolsTests;
			productReference = 322E93BD299AB2470005EBA6 /* CatProtocolsTests.xctest */;
			productType = "com.apple.product-type.bundle.unit-test";
		};
/* End PBXNativeTarget section */

/* Begin PBXProject section */
		322E93A5299AB2460005EBA6 /* Project object */ = {
			isa = PBXProject;
			attributes = {
				BuildIndependentTargetsInParallel = 1;
				LastSwiftUpdateCheck = 1420;
				LastUpgradeCheck = 1420;
				TargetAttributes = {
					322E93AC299AB2460005EBA6 = {
						CreatedOnToolsVersion = 14.2;
					};
					322E93BC299AB2470005EBA6 = {
						CreatedOnToolsVersion = 14.2;
						TestTargetID = 322E93AC299AB2460005EBA6;
					};
				};
			};
			buildConfigurationList = 322E93A8299AB2460005EBA6 /* Build configuration list for PBXProject "CatProtocols" */;
			compatibilityVersion = "Xcode 14.0";
			developmentRegion = en;
			hasScannedForEncodings = 0;
			knownRegions = (
				en,
				Base,
			);
			mainGroup = 322E93A4299AB2460005EBA6;
			packageReferences = (
				322E93E2299AB3990005EBA6 /* XCRemoteSwiftPackageReference "CoreNetworking" */,
			);
			productRefGroup = 322E93AE299AB2460005EBA6 /* Products */;
			projectDirPath = "";
			projectRoot = "";
			targets = (
				322E93AC299AB2460005EBA6 /* CatProtocols */,
				322E93BC299AB2470005EBA6 /* CatProtocolsTests */,
			);
		};
/* End PBXProject section */

/* Begin PBXResourcesBuildPhase section */
		322E93AB299AB2460005EBA6 /* Resources */ = {
			isa = PBXResourcesBuildPhase;
			buildActionMask = 2147483647;
			files = (
				322E93B8299AB2470005EBA6 /* Preview Assets.xcassets in Resources */,
				322E93B5299AB2470005EBA6 /* Assets.xcassets in Resources */,
			);
			runOnlyForDeploymentPostprocessing = 0;
		};
		322E93BB299AB2470005EBA6 /* Resources */ = {
			isa = PBXResourcesBuildPhase;
			buildActionMask = 2147483647;
			files = (
			);
			runOnlyForDeploymentPostprocessing = 0;
		};
/* End PBXResourcesBuildPhase section */

/* Begin PBXSourcesBuildPhase section */
		322E93A9299AB2460005EBA6 /* Sources */ = {
			isa = PBXSourcesBuildPhase;
			buildActionMask = 2147483647;
			files = (
				322E93E1299AB2F30005EBA6 /* CatService.swift in Sources */,
				322E93DB299AB2770005EBA6 /* CatFactViewModel.swift in Sources */,
				322E93B3299AB2460005EBA6 /* CatFactView.swift in Sources */,
				322E93DD299AB2900005EBA6 /* ViewState.swift in Sources */,
				322E93DF299AB2C10005EBA6 /* CatFact.swift in Sources */,
				322E93B1299AB2460005EBA6 /* CatProtocolsApp.swift in Sources */,
			);
			runOnlyForDeploymentPostprocessing = 0;
		};
		322E93B9299AB2470005EBA6 /* Sources */ = {
			isa = PBXSourcesBuildPhase;
			buildActionMask = 2147483647;
			files = (
				322E93C2299AB2470005EBA6 /* CatFactViewModelTests.swift in Sources */,
				322E93E6299AB7560005EBA6 /* TestHelpers.swift in Sources */,
			);
			runOnlyForDeploymentPostprocessing = 0;
		};
/* End PBXSourcesBuildPhase section */

/* Begin PBXTargetDependency section */
		322E93BF299AB2470005EBA6 /* PBXTargetDependency */ = {
			isa = PBXTargetDependency;
			target = 322E93AC299AB2460005EBA6 /* CatProtocols */;
			targetProxy = 322E93BE299AB2470005EBA6 /* PBXContainerItemProxy */;
		};
/* End PBXTargetDependency section */

/* Begin XCBuildConfiguration section */
		322E93CF299AB2470005EBA6 /* Debug */ = {
			isa = XCBuildConfiguration;
			buildSettings = {
				ALWAYS_SEARCH_USER_PATHS = NO;
				CLANG_ANALYZER_NONNULL = YES;
				CLANG_ANALYZER_NUMBER_OBJECT_CONVERSION = YES_AGGRESSIVE;
				CLANG_CXX_LANGUAGE_STANDARD = "gnu++20";
				CLANG_ENABLE_MODULES = YES;
				CLANG_ENABLE_OBJC_ARC = YES;
				CLANG_ENABLE_OBJC_WEAK = YES;
				CLANG_WARN_BLOCK_CAPTURE_AUTORELEASING = YES;
				CLANG_WARN_BOOL_CONVERSION = YES;
				CLANG_WARN_COMMA = YES;
				CLANG_WARN_CONSTANT_CONVERSION = YES;
				CLANG_WARN_DEPRECATED_OBJC_IMPLEMENTATIONS = YES;
				CLANG_WARN_DIRECT_OBJC_ISA_USAGE = YES_ERROR;
				CLANG_WARN_DOCUMENTATION_COMMENTS = YES;
				CLANG_WARN_EMPTY_BODY = YES;
				CLANG_WARN_ENUM_CONVERSION = YES;
				CLANG_WARN_INFINITE_RECURSION = YES;
				CLANG_WARN_INT_CONVERSION = YES;
				CLANG_WARN_NON_LITERAL_NULL_CONVERSION = YES;
				CLANG_WARN_OBJC_IMPLICIT_RETAIN_SELF = YES;
				CLANG_WARN_OBJC_LITERAL_CONVERSION = YES;
				CLANG_WARN_OBJC_ROOT_CLASS = YES_ERROR;
				CLANG_WARN_QUOTED_INCLUDE_IN_FRAMEWORK_HEADER = YES;
				CLANG_WARN_RANGE_LOOP_ANALYSIS = YES;
				CLANG_WARN_STRICT_PROTOTYPES = YES;
				CLANG_WARN_SUSPICIOUS_MOVE = YES;
				CLANG_WARN_UNGUARDED_AVAILABILITY = YES_AGGRESSIVE;
				CLANG_WARN_UNREACHABLE_CODE = YES;
				CLANG_WARN__DUPLICATE_METHOD_MATCH = YES;
				COPY_PHASE_STRIP = NO;
				DEBUG_INFORMATION_FORMAT = dwarf;
				ENABLE_STRICT_OBJC_MSGSEND = YES;
				ENABLE_TESTABILITY = YES;
				GCC_C_LANGUAGE_STANDARD = gnu11;
				GCC_DYNAMIC_NO_PIC = NO;
				GCC_NO_COMMON_BLOCKS = YES;
				GCC_OPTIMIZATION_LEVEL = 0;
				GCC_PREPROCESSOR_DEFINITIONS = (
					"DEBUG=1",
					"$(inherited)",
				);
				GCC_WARN_64_TO_32_BIT_CONVERSION = YES;
				GCC_WARN_ABOUT_RETURN_TYPE = YES_ERROR;
				GCC_WARN_UNDECLARED_SELECTOR = YES;
				GCC_WARN_UNINITIALIZED_AUTOS = YES_AGGRESSIVE;
				GCC_WARN_UNUSED_FUNCTION = YES;
				GCC_WARN_UNUSED_VARIABLE = YES;
				IPHONEOS_DEPLOYMENT_TARGET = 16.2;
				MTL_ENABLE_DEBUG_INFO = INCLUDE_SOURCE;
				MTL_FAST_MATH = YES;
				ONLY_ACTIVE_ARCH = YES;
				SDKROOT = iphoneos;
				SWIFT_ACTIVE_COMPILATION_CONDITIONS = DEBUG;
				SWIFT_OPTIMIZATION_LEVEL = "-Onone";
			};
			name = Debug;
		};
		322E93D0299AB2470005EBA6 /* Release */ = {
			isa = XCBuildConfiguration;
			buildSettings = {
				ALWAYS_SEARCH_USER_PATHS = NO;
				CLANG_ANALYZER_NONNULL = YES;
				CLANG_ANALYZER_NUMBER_OBJECT_CONVERSION = YES_AGGRESSIVE;
				CLANG_CXX_LANGUAGE_STANDARD = "gnu++20";
				CLANG_ENABLE_MODULES = YES;
				CLANG_ENABLE_OBJC_ARC = YES;
				CLANG_ENABLE_OBJC_WEAK = YES;
				CLANG_WARN_BLOCK_CAPTURE_AUTORELEASING = YES;
				CLANG_WARN_BOOL_CONVERSION = YES;
				CLANG_WARN_COMMA = YES;
				CLANG_WARN_CONSTANT_CONVERSION = YES;
				CLANG_WARN_DEPRECATED_OBJC_IMPLEMENTATIONS = YES;
				CLANG_WARN_DIRECT_OBJC_ISA_USAGE = YES_ERROR;
				CLANG_WARN_DOCUMENTATION_COMMENTS = YES;
				CLANG_WARN_EMPTY_BODY = YES;
				CLANG_WARN_ENUM_CONVERSION = YES;
				CLANG_WARN_INFINITE_RECURSION = YES;
				CLANG_WARN_INT_CONVERSION = YES;
				CLANG_WARN_NON_LITERAL_NULL_CONVERSION = YES;
				CLANG_WARN_OBJC_IMPLICIT_RETAIN_SELF = YES;
				CLANG_WARN_OBJC_LITERAL_CONVERSION = YES;
				CLANG_WARN_OBJC_ROOT_CLASS = YES_ERROR;
				CLANG_WARN_QUOTED_INCLUDE_IN_FRAMEWORK_HEADER = YES;
				CLANG_WARN_RANGE_LOOP_ANALYSIS = YES;
				CLANG_WARN_STRICT_PROTOTYPES = YES;
				CLANG_WARN_SUSPICIOUS_MOVE = YES;
				CLANG_WARN_UNGUARDED_AVAILABILITY = YES_AGGRESSIVE;
				CLANG_WARN_UNREACHABLE_CODE = YES;
				CLANG_WARN__DUPLICATE_METHOD_MATCH = YES;
				COPY_PHASE_STRIP = NO;
				DEBUG_INFORMATION_FORMAT = "dwarf-with-dsym";
				ENABLE_NS_ASSERTIONS = NO;
				ENABLE_STRICT_OBJC_MSGSEND = YES;
				GCC_C_LANGUAGE_STANDARD = gnu11;
				GCC_NO_COMMON_BLOCKS = YES;
				GCC_WARN_64_TO_32_BIT_CONVERSION = YES;
				GCC_WARN_ABOUT_RETURN_TYPE = YES_ERROR;
				GCC_WARN_UNDECLARED_SELECTOR = YES;
				GCC_WARN_UNINITIALIZED_AUTOS = YES_AGGRESSIVE;
				GCC_WARN_UNUSED_FUNCTION = YES;
				GCC_WARN_UNUSED_VARIABLE = YES;
				IPHONEOS_DEPLOYMENT_TARGET = 16.2;
				MTL_ENABLE_DEBUG_INFO = NO;
				MTL_FAST_MATH = YES;
				SDKROOT = iphoneos;
				SWIFT_COMPILATION_MODE = wholemodule;
				SWIFT_OPTIMIZATION_LEVEL = "-O";
				VALIDATE_PRODUCT = YES;
			};
			name = Release;
		};
		322E93D2299AB2470005EBA6 /* Debug */ = {
			isa = XCBuildConfiguration;
			buildSettings = {
				ASSETCATALOG_COMPILER_APPICON_NAME = AppIcon;
				ASSETCATALOG_COMPILER_GLOBAL_ACCENT_COLOR_NAME = AccentColor;
				CODE_SIGN_STYLE = Automatic;
				CURRENT_PROJECT_VERSION = 1;
				DEVELOPMENT_ASSET_PATHS = "\"CatProtocols/Preview Content\"";
				ENABLE_PREVIEWS = YES;
				GENERATE_INFOPLIST_FILE = YES;
				INFOPLIST_KEY_UIApplicationSceneManifest_Generation = YES;
				INFOPLIST_KEY_UIApplicationSupportsIndirectInputEvents = YES;
				INFOPLIST_KEY_UILaunchScreen_Generation = YES;
				INFOPLIST_KEY_UISupportedInterfaceOrientations_iPad = "UIInterfaceOrientationPortrait UIInterfaceOrientationPortraitUpsideDown UIInterfaceOrientationLandscapeLeft UIInterfaceOrientationLandscapeRight";
				INFOPLIST_KEY_UISupportedInterfaceOrientations_iPhone = "UIInterfaceOrientationPortrait UIInterfaceOrientationLandscapeLeft UIInterfaceOrientationLandscapeRight";
				LD_RUNPATH_SEARCH_PATHS = (
					"$(inherited)",
					"@executable_path/Frameworks",
				);
				MARKETING_VERSION = 1.0;
				PRODUCT_BUNDLE_IDENTIFIER = mdb.CatProtocols;
				PRODUCT_NAME = "$(TARGET_NAME)";
				SWIFT_EMIT_LOC_STRINGS = YES;
				SWIFT_VERSION = 5.0;
				TARGETED_DEVICE_FAMILY = "1,2";
			};
			name = Debug;
		};
		322E93D3299AB2470005EBA6 /* Release */ = {
			isa = XCBuildConfiguration;
			buildSettings = {
				ASSETCATALOG_COMPILER_APPICON_NAME = AppIcon;
				ASSETCATALOG_COMPILER_GLOBAL_ACCENT_COLOR_NAME = AccentColor;
				CODE_SIGN_STYLE = Automatic;
				CURRENT_PROJECT_VERSION = 1;
				DEVELOPMENT_ASSET_PATHS = "\"CatProtocols/Preview Content\"";
				ENABLE_PREVIEWS = YES;
				GENERATE_INFOPLIST_FILE = YES;
				INFOPLIST_KEY_UIApplicationSceneManifest_Generation = YES;
				INFOPLIST_KEY_UIApplicationSupportsIndirectInputEvents = YES;
				INFOPLIST_KEY_UILaunchScreen_Generation = YES;
				INFOPLIST_KEY_UISupportedInterfaceOrientations_iPad = "UIInterfaceOrientationPortrait UIInterfaceOrientationPortraitUpsideDown UIInterfaceOrientationLandscapeLeft UIInterfaceOrientationLandscapeRight";
				INFOPLIST_KEY_UISupportedInterfaceOrientations_iPhone = "UIInterfaceOrientationPortrait UIInterfaceOrientationLandscapeLeft UIInterfaceOrientationLandscapeRight";
				LD_RUNPATH_SEARCH_PATHS = (
					"$(inherited)",
					"@executable_path/Frameworks",
				);
				MARKETING_VERSION = 1.0;
				PRODUCT_BUNDLE_IDENTIFIER = mdb.CatProtocols;
				PRODUCT_NAME = "$(TARGET_NAME)";
				SWIFT_EMIT_LOC_STRINGS = YES;
				SWIFT_VERSION = 5.0;
				TARGETED_DEVICE_FAMILY = "1,2";
			};
			name = Release;
		};
		322E93D5299AB2470005EBA6 /* Debug */ = {
			isa = XCBuildConfiguration;
			buildSettings = {
				ALWAYS_EMBED_SWIFT_STANDARD_LIBRARIES = YES;
				BUNDLE_LOADER = "$(TEST_HOST)";
				CODE_SIGN_STYLE = Automatic;
				CURRENT_PROJECT_VERSION = 1;
				GENERATE_INFOPLIST_FILE = YES;
				IPHONEOS_DEPLOYMENT_TARGET = 16.2;
				MARKETING_VERSION = 1.0;
				PRODUCT_BUNDLE_IDENTIFIER = mdb.CatProtocolsTests;
				PRODUCT_NAME = "$(TARGET_NAME)";
				SWIFT_EMIT_LOC_STRINGS = NO;
				SWIFT_VERSION = 5.0;
				TARGETED_DEVICE_FAMILY = "1,2";
				TEST_HOST = "$(BUILT_PRODUCTS_DIR)/CatProtocols.app/$(BUNDLE_EXECUTABLE_FOLDER_PATH)/CatProtocols";
			};
			name = Debug;
		};
		322E93D6299AB2470005EBA6 /* Release */ = {
			isa = XCBuildConfiguration;
			buildSettings = {
				ALWAYS_EMBED_SWIFT_STANDARD_LIBRARIES = YES;
				BUNDLE_LOADER = "$(TEST_HOST)";
				CODE_SIGN_STYLE = Automatic;
				CURRENT_PROJECT_VERSION = 1;
				GENERATE_INFOPLIST_FILE = YES;
				IPHONEOS_DEPLOYMENT_TARGET = 16.2;
				MARKETING_VERSION = 1.0;
				PRODUCT_BUNDLE_IDENTIFIER = mdb.CatProtocolsTests;
				PRODUCT_NAME = "$(TARGET_NAME)";
				SWIFT_EMIT_LOC_STRINGS = NO;
				SWIFT_VERSION = 5.0;
				TARGETED_DEVICE_FAMILY = "1,2";
				TEST_HOST = "$(BUILT_PRODUCTS_DIR)/CatProtocols.app/$(BUNDLE_EXECUTABLE_FOLDER_PATH)/CatProtocols";
			};
			name = Release;
		};
/* End XCBuildConfiguration section */

/* Begin XCConfigurationList section */
		322E93A8299AB2460005EBA6 /* Build configuration list for PBXProject "CatProtocols" */ = {
			isa = XCConfigurationList;
			buildConfigurations = (
				322E93CF299AB2470005EBA6 /* Debug */,
				322E93D0299AB2470005EBA6 /* Release */,
			);
			defaultConfigurationIsVisible = 0;
			defaultConfigurationName = Release;
		};
		322E93D1299AB2470005EBA6 /* Build configuration list for PBXNativeTarget "CatProtocols" */ = {
			isa = XCConfigurationList;
			buildConfigurations = (
				322E93D2299AB2470005EBA6 /* Debug */,
				322E93D3299AB2470005EBA6 /* Release */,
			);
			defaultConfigurationIsVisible = 0;
			defaultConfigurationName = Release;
		};
		322E93D4299AB2470005EBA6 /* Build configuration list for PBXNativeTarget "CatProtocolsTests" */ = {
			isa = XCConfigurationList;
			buildConfigurations = (
				322E93D5299AB2470005EBA6 /* Debug */,
				322E93D6299AB2470005EBA6 /* Release */,
			);
			defaultConfigurationIsVisible = 0;
			defaultConfigurationName = Release;
		};
/* End XCConfigurationList section */

/* Begin XCRemoteSwiftPackageReference section */
		322E93E2299AB3990005EBA6 /* XCRemoteSwiftPackageReference "CoreNetworking" */ = {
			isa = XCRemoteSwiftPackageReference;
			repositoryURL = "https://github.com/mdb1/CoreNetworking";
			requirement = {
				branch = main;
				kind = branch;
			};
		};
/* End XCRemoteSwiftPackageReference section */

/* Begin XCSwiftPackageProductDependency section */
		322E93E3299AB3990005EBA6 /* CoreNetworking */ = {
			isa = XCSwiftPackageProductDependency;
			package = 322E93E2299AB3990005EBA6 /* XCRemoteSwiftPackageReference "CoreNetworking" */;
			productName = CoreNetworking;
		};
/* End XCSwiftPackageProductDependency section */
	};
	rootObject = 322E93A5299AB2460005EBA6 /* Project object */;
}
